
Microsoft Visual Studio Solution File, Format Version 12.00
# Visual Studio Version 16
VisualStudioVersion = 16.0.30717.126
MinimumVisualStudioVersion = 10.0.40219.1
Project("{FAE04EC0-301F-11D3-BF4B-00C04F79EFBC}") = "Filtralo", "Filtramelo\Filtralo.csproj", "{0097CCD9-794A-4E34-B97B-18B53E7D4EE0}"
EndProject
Global
	GlobalSection(SolutionConfigurationPlatforms) = preSolution
		Debug|Any CPU = Debug|Any CPU
		Release|Any CPU = Release|Any CPU
	EndGlobalSection
	GlobalSection(ProjectConfigurationPlatforms) = postSolution
		{0097CCD9-794A-4E34-B97B-18B53E7D4EE0}.Debug|Any CPU.ActiveCfg = Debug|Any CPU
		{0097CCD9-794A-4E34-B97B-18B53E7D4EE0}.Debug|Any CPU.Build.0 = Debug|Any CPU
		{0097CCD9-794A-4E34-B97B-18B53E7D4EE0}.Release|Any CPU.ActiveCfg = Release|Any CPU
		{0097CCD9-794A-4E34-B97B-18B53E7D4EE0}.Release|Any CPU.Build.0 = Release|Any CPU
	EndGlobalSection
	GlobalSection(SolutionProperties) = preSolution
		HideSolutionNode = FALSE
	EndGlobalSection
	GlobalSection(ExtensibilityGlobals) = postSolution
		SolutionGuid = {C6FE1ACE-4BFB-4ECB-8EB4-9A2E80EE02D9}
	EndGlobalSection
EndGlobal
